
Microsoft Visual Studio Solution File, Format Version 12.00
# Visual Studio Version 16
VisualStudioVersion = 16.0.29728.190
MinimumVisualStudioVersion = 10.0.40219.1
Project("{FAE04EC0-301F-11D3-BF4B-00C04F79EFBC}") = "12_Coin_Nim", "12_Coin_Nim.csproj", "{AF082902-DC2D-4C96-96F9-AB0E1096778D}"
EndProject
Global
	GlobalSection(SolutionConfigurationPlatforms) = preSolution
		Debug|Any CPU = Debug|Any CPU
		Release|Any CPU = Release|Any CPU
	EndGlobalSection
	GlobalSection(ProjectConfigurationPlatforms) = postSolution
		{AF082902-DC2D-4C96-96F9-AB0E1096778D}.Debug|Any CPU.ActiveCfg = Debug|Any CPU
		{AF082902-DC2D-4C96-96F9-AB0E1096778D}.Debug|Any CPU.Build.0 = Debug|Any CPU
		{AF082902-DC2D-4C96-96F9-AB0E1096778D}.Release|Any CPU.ActiveCfg = Release|Any CPU
		{AF082902-DC2D-4C96-96F9-AB0E1096778D}.Release|Any CPU.Build.0 = Release|Any CPU
	EndGlobalSection
	GlobalSection(SolutionProperties) = preSolution
		HideSolutionNode = FALSE
	EndGlobalSection
	GlobalSection(ExtensibilityGlobals) = postSolution
		SolutionGuid = {2D958DCF-001A-49A7-BDA8-6DDC12417EF8}
	EndGlobalSection
EndGlobal
